{
  "name": "test-module-andre",
  "version": "0.0.1",
  "lockfileVersion": 3,
  "requires": true,
  "packages": {
    "": {
      "name": "test-module-andre",
      "version": "0.0.1",
      "license": "MIT",
      "dependencies": {
        "testemodulonpm": "^0.0.1"
      }
    },
    "node_modules/testemodulonpm": {
      "version": "0.0.1",
      "resolved": "https://registry.npmjs.org/testemodulonpm/-/testemodulonpm-0.0.1.tgz",
      "integrity": "sha512-Y7RqI0bVj94APVvKSf2OBiRTbyIOdrgukvmy67F3O7iSo5xIQoFvSZ2ezj2eCb8JkenB14+QG/pyDTfmBZEEgw=="
    }
  }
}
